// !$*UTF8*$!
{
	archiveVersion = 1;
	classes = {
	};
	objectVersion = 50;
	objects = {

/* Begin PBXBuildFile section */
		6360C216248A989300ABAAF8 /* AppDelegate.m in Sources */ = {isa = PBXBuildFile; fileRef = 6360C215248A989300ABAAF8 /* AppDelegate.m */; };
		6360C219248A989300ABAAF8 /* SceneDelegate.m in Sources */ = {isa = PBXBuildFile; fileRef = 6360C218248A989300ABAAF8 /* SceneDelegate.m */; };
		6360C21C248A989300ABAAF8 /* ViewController.m in Sources */ = {isa = PBXBuildFile; fileRef = 6360C21B248A989300ABAAF8 /* ViewController.m */; };
		6360C21F248A989300ABAAF8 /* Main.storyboard in Resources */ = {isa = PBXBuildFile; fileRef = 6360C21D248A989300ABAAF8 /* Main.storyboard */; };
		6360C221248A989600ABAAF8 /* Assets.xcassets in Resources */ = {isa = PBXBuildFile; fileRef = 6360C220248A989600ABAAF8 /* Assets.xcassets */; };
		6360C224248A989600ABAAF8 /* LaunchScreen.storyboard in Resources */ = {isa = PBXBuildFile; fileRef = 6360C222248A989600ABAAF8 /* LaunchScreen.storyboard */; };
		6360C227248A989600ABAAF8 /* main.m in Sources */ = {isa = PBXBuildFile; fileRef = 6360C226248A989600ABAAF8 /* main.m */; };
		6360C231248A989600ABAAF8 /* XcodeflowTestTests.m in Sources */ = {isa = PBXBuildFile; fileRef = 6360C230248A989600ABAAF8 /* XcodeflowTestTests.m */; };
		6360C23C248A989600ABAAF8 /* XcodeflowTestUITests.m in Sources */ = {isa = PBXBuildFile; fileRef = 6360C23B248A989600ABAAF8 /* XcodeflowTestUITests.m */; };
/* End PBXBuildFile section */

/* Begin PBXContainerItemProxy section */
		6360C22D248A989600ABAAF8 /* PBXContainerItemProxy */ = {
			isa = PBXContainerItemProxy;
			containerPortal = 6360C209248A989300ABAAF8 /* Project object */;
			proxyType = 1;
			remoteGlobalIDString = 6360C210248A989300ABAAF8;
			remoteInfo = XcodeflowTest;
		};
		6360C238248A989600ABAAF8 /* PBXContainerItemProxy */ = {
			isa = PBXContainerItemProxy;
			containerPortal = 6360C209248A989300ABAAF8 /* Project object */;
			proxyType = 1;
			remoteGlobalIDString = 6360C210248A989300ABAAF8;
			remoteInfo = XcodeflowTest;
		};
/* End PBXContainerItemProxy section */

/* Begin PBXFileReference section */
		6360C211248A989300ABAAF8 /* XcodeflowTest.app */ = {isa = PBXFileReference; explicitFileType = wrapper.application; includeInIndex = 0; path = XcodeflowTest.app; sourceTree = BUILT_PRODUCTS_DIR; };
		6360C214248A989300ABAAF8 /* AppDelegate.h */ = {isa = PBXFileReference; lastKnownFileType = sourcecode.c.h; path = AppDelegate.h; sourceTree = "<group>"; };
		6360C215248A989300ABAAF8 /* AppDelegate.m */ = {isa = PBXFileReference; lastKnownFileType = sourcecode.c.objc; path = AppDelegate.m; sourceTree = "<group>"; };
		6360C217248A989300ABAAF8 /* SceneDelegate.h */ = {isa = PBXFileReference; lastKnownFileType = sourcecode.c.h; path = SceneDelegate.h; sourceTree = "<group>"; };
		6360C218248A989300ABAAF8 /* SceneDelegate.m */ = {isa = PBXFileReference; lastKnownFileType = sourcecode.c.objc; path = SceneDelegate.m; sourceTree = "<group>"; };
		6360C21A248A989300ABAAF8 /* ViewController.h */ = {isa = PBXFileReference; lastKnownFileType = sourcecode.c.h; path = ViewController.h; sourceTree = "<group>"; };
		6360C21B248A989300ABAAF8 /* ViewController.m */ = {isa = PBXFileReference; lastKnownFileType = sourcecode.c.objc; path = ViewController.m; sourceTree = "<group>"; };
		6360C21E248A989300ABAAF8 /* Base */ = {isa = PBXFileReference; lastKnownFileType = file.storyboard; name = Base; path = Base.lproj/Main.storyboard; sourceTree = "<group>"; };
		6360C220248A989600ABAAF8 /* Assets.xcassets */ = {isa = PBXFileReference; lastKnownFileType = folder.assetcatalog; path = Assets.xcassets; sourceTree = "<group>"; };
		6360C223248A989600ABAAF8 /* Base */ = {isa = PBXFileReference; lastKnownFileType = file.storyboard; name = Base; path = Base.lproj/LaunchScreen.storyboard; sourceTree = "<group>"; };
		6360C225248A989600ABAAF8 /* Info.plist */ = {isa = PBXFileReference; lastKnownFileType = text.plist.xml; path = Info.plist; sourceTree = "<group>"; };
		6360C226248A989600ABAAF8 /* main.m */ = {isa = PBXFileReference; lastKnownFileType = sourcecode.c.objc; path = main.m; sourceTree = "<group>"; };
		6360C22C248A989600ABAAF8 /* XcodeflowTestTests.xctest */ = {isa = PBXFileReference; explicitFileType = wrapper.cfbundle; includeInIndex = 0; path = XcodeflowTestTests.xctest; sourceTree = BUILT_PRODUCTS_DIR; };
		6360C230248A989600ABAAF8 /* XcodeflowTestTests.m */ = {isa = PBXFileReference; lastKnownFileType = sourcecode.c.objc; path = XcodeflowTestTests.m; sourceTree = "<group>"; };
		6360C232248A989600ABAAF8 /* Info.plist */ = {isa = PBXFileReference; lastKnownFileType = text.plist.xml; path = Info.plist; sourceTree = "<group>"; };
		6360C237248A989600ABAAF8 /* XcodeflowTestUITests.xctest */ = {isa = PBXFileReference; explicitFileType = wrapper.cfbundle; includeInIndex = 0; path = XcodeflowTestUITests.xctest; sourceTree = BUILT_PRODUCTS_DIR; };
		6360C23B248A989600ABAAF8 /* XcodeflowTestUITests.m */ = {isa = PBXFileReference; lastKnownFileType = sourcecode.c.objc; path = XcodeflowTestUITests.m; sourceTree = "<group>"; };
		6360C23D248A989600ABAAF8 /* Info.plist */ = {isa = PBXFileReference; lastKnownFileType = text.plist.xml; path = Info.plist; sourceTree = "<group>"; };
/* End PBXFileReference section */

/* Begin PBXFrameworksBuildPhase section */
		6360C20E248A989300ABAAF8 /* Frameworks */ = {
			isa = PBXFrameworksBuildPhase;
			buildActionMask = 2147483647;
			files = (
			);
			runOnlyForDeploymentPostprocessing = 0;
		};
		6360C229248A989600ABAAF8 /* Frameworks */ = {
			isa = PBXFrameworksBuildPhase;
			buildActionMask = 2147483647;
			files = (
			);
			runOnlyForDeploymentPostprocessing = 0;
		};
		6360C234248A989600ABAAF8 /* Frameworks */ = {
			isa = PBXFrameworksBuildPhase;
			buildActionMask = 2147483647;
			files = (
			);
			runOnlyForDeploymentPostprocessing = 0;
		};
/* End PBXFrameworksBuildPhase section */

/* Begin PBXGroup section */
		6360C208248A989300ABAAF8 = {
			isa = PBXGroup;
			children = (
				6360C213248A989300ABAAF8 /* XcodeflowTest */,
				6360C22F248A989600ABAAF8 /* XcodeflowTestTests */,
				6360C23A248A989600ABAAF8 /* XcodeflowTestUITests */,
				6360C212248A989300ABAAF8 /* Products */,
			);
			sourceTree = "<group>";
		};
		6360C212248A989300ABAAF8 /* Products */ = {
			isa = PBXGroup;
			children = (
				6360C211248A989300ABAAF8 /* XcodeflowTest.app */,
				6360C22C248A989600ABAAF8 /* XcodeflowTestTests.xctest */,
				6360C237248A989600ABAAF8 /* XcodeflowTestUITests.xctest */,
			);
			name = Products;
			sourceTree = "<group>";
		};
		6360C213248A989300ABAAF8 /* XcodeflowTest */ = {
			isa = PBXGroup;
			children = (
				6360C214248A989300ABAAF8 /* AppDelegate.h */,
				6360C215248A989300ABAAF8 /* AppDelegate.m */,
				6360C217248A989300ABAAF8 /* SceneDelegate.h */,
				6360C218248A989300ABAAF8 /* SceneDelegate.m */,
				6360C21A248A989300ABAAF8 /* ViewController.h */,
				6360C21B248A989300ABAAF8 /* ViewController.m */,
				6360C21D248A989300ABAAF8 /* Main.storyboard */,
				6360C220248A989600ABAAF8 /* Assets.xcassets */,
				6360C222248A989600ABAAF8 /* LaunchScreen.storyboard */,
				6360C225248A989600ABAAF8 /* Info.plist */,
				6360C226248A989600ABAAF8 /* main.m */,
			);
			path = XcodeflowTest;
			sourceTree = "<group>";
		};
		6360C22F248A989600ABAAF8 /* XcodeflowTestTests */ = {
			isa = PBXGroup;
			children = (
				6360C230248A989600ABAAF8 /* XcodeflowTestTests.m */,
				6360C232248A989600ABAAF8 /* Info.plist */,
			);
			path = XcodeflowTestTests;
			sourceTree = "<group>";
		};
		6360C23A248A989600ABAAF8 /* XcodeflowTestUITests */ = {
			isa = PBXGroup;
			children = (
				6360C23B248A989600ABAAF8 /* XcodeflowTestUITests.m */,
				6360C23D248A989600ABAAF8 /* Info.plist */,
			);
			path = XcodeflowTestUITests;
			sourceTree = "<group>";
		};
/* End PBXGroup section */

/* Begin PBXNativeTarget section */
		6360C210248A989300ABAAF8 /* XcodeflowTest */ = {
			isa = PBXNativeTarget;
			buildConfigurationList = 6360C240248A989600ABAAF8 /* Build configuration list for PBXNativeTarget "XcodeflowTest" */;
			buildPhases = (
				6360C20D248A989300ABAAF8 /* Sources */,
				6360C20E248A989300ABAAF8 /* Frameworks */,
				6360C20F248A989300ABAAF8 /* Resources */,
			);
			buildRules = (
			);
			dependencies = (
			);
			name = XcodeflowTest;
			productName = XcodeflowTest;
			productReference = 6360C211248A989300ABAAF8 /* XcodeflowTest.app */;
			productType = "com.apple.product-type.application";
		};
		6360C22B248A989600ABAAF8 /* XcodeflowTestTests */ = {
			isa = PBXNativeTarget;
			buildConfigurationList = 6360C243248A989600ABAAF8 /* Build configuration list for PBXNativeTarget "XcodeflowTestTests" */;
			buildPhases = (
				6360C228248A989600ABAAF8 /* Sources */,
				6360C229248A989600ABAAF8 /* Frameworks */,
				6360C22A248A989600ABAAF8 /* Resources */,
			);
			buildRules = (
			);
			dependencies = (
				6360C22E248A989600ABAAF8 /* PBXTargetDependency */,
			);
			name = XcodeflowTestTests;
			productName = XcodeflowTestTests;
			productReference = 6360C22C248A989600ABAAF8 /* XcodeflowTestTests.xctest */;
			productType = "com.apple.product-type.bundle.unit-test";
		};
		6360C236248A989600ABAAF8 /* XcodeflowTestUITests */ = {
			isa = PBXNativeTarget;
			buildConfigurationList = 6360C246248A989600ABAAF8 /* Build configuration list for PBXNativeTarget "XcodeflowTestUITests" */;
			buildPhases = (
				6360C233248A989600ABAAF8 /* Sources */,
				6360C234248A989600ABAAF8 /* Frameworks */,
				6360C235248A989600ABAAF8 /* Resources */,
			);
			buildRules = (
			);
			dependencies = (
				6360C239248A989600ABAAF8 /* PBXTargetDependency */,
			);
			name = XcodeflowTestUITests;
			productName = XcodeflowTestUITests;
			productReference = 6360C237248A989600ABAAF8 /* XcodeflowTestUITests.xctest */;
			productType = "com.apple.product-type.bundle.ui-testing";
		};
/* End PBXNativeTarget section */

/* Begin PBXProject section */
		6360C209248A989300ABAAF8 /* Project object */ = {
			isa = PBXProject;
			attributes = {
				LastUpgradeCheck = 1150;
				ORGANIZATIONNAME = Klaudz;
				TargetAttributes = {
					6360C210248A989300ABAAF8 = {
						CreatedOnToolsVersion = 11.5;
					};
					6360C22B248A989600ABAAF8 = {
						CreatedOnToolsVersion = 11.5;
						TestTargetID = 6360C210248A989300ABAAF8;
					};
					6360C236248A989600ABAAF8 = {
						CreatedOnToolsVersion = 11.5;
						TestTargetID = 6360C210248A989300ABAAF8;
					};
				};
			};
			buildConfigurationList = 6360C20C248A989300ABAAF8 /* Build configuration list for PBXProject "XcodeflowTest" */;
			compatibilityVersion = "Xcode 9.3";
			developmentRegion = en;
			hasScannedForEncodings = 0;
			knownRegions = (
				en,
				Base,
			);
			mainGroup = 6360C208248A989300ABAAF8;
			productRefGroup = 6360C212248A989300ABAAF8 /* Products */;
			projectDirPath = "";
			projectRoot = "";
			targets = (
				6360C210248A989300ABAAF8 /* XcodeflowTest */,
				6360C22B248A989600ABAAF8 /* XcodeflowTestTests */,
				6360C236248A989600ABAAF8 /* XcodeflowTestUITests */,
			);
		};
/* End PBXProject section */

/* Begin PBXResourcesBuildPhase section */
		6360C20F248A989300ABAAF8 /* Resources */ = {
			isa = PBXResourcesBuildPhase;
			buildActionMask = 2147483647;
			files = (
				6360C224248A989600ABAAF8 /* LaunchScreen.storyboard in Resources */,
				6360C221248A989600ABAAF8 /* Assets.xcassets in Resources */,
				6360C21F248A989300ABAAF8 /* Main.storyboard in Resources */,
			);
			runOnlyForDeploymentPostprocessing = 0;
		};
		6360C22A248A989600ABAAF8 /* Resources */ = {
			isa = PBXResourcesBuildPhase;
			buildActionMask = 2147483647;
			files = (
			);
			runOnlyForDeploymentPostprocessing = 0;
		};
		6360C235248A989600ABAAF8 /* Resources */ = {
			isa = PBXResourcesBuildPhase;
			buildActionMask = 2147483647;
			files = (
			);
			runOnlyForDeploymentPostprocessing = 0;
		};
/* End PBXResourcesBuildPhase section */

/* Begin PBXSourcesBuildPhase section */
		6360C20D248A989300ABAAF8 /* Sources */ = {
			isa = PBXSourcesBuildPhase;
			buildActionMask = 2147483647;
			files = (
				6360C21C248A989300ABAAF8 /* ViewController.m in Sources */,
				6360C216248A989300ABAAF8 /* AppDelegate.m in Sources */,
				6360C227248A989600ABAAF8 /* main.m in Sources */,
				6360C219248A989300ABAAF8 /* SceneDelegate.m in Sources */,
			);
			runOnlyForDeploymentPostprocessing = 0;
		};
		6360C228248A989600ABAAF8 /* Sources */ = {
			isa = PBXSourcesBuildPhase;
			buildActionMask = 2147483647;
			files = (
				6360C231248A989600ABAAF8 /* XcodeflowTestTests.m in Sources */,
			);
			runOnlyForDeploymentPostprocessing = 0;
		};
		6360C233248A989600ABAAF8 /* Sources */ = {
			isa = PBXSourcesBuildPhase;
			buildActionMask = 2147483647;
			files = (
				6360C23C248A989600ABAAF8 /* XcodeflowTestUITests.m in Sources */,
			);
			runOnlyForDeploymentPostprocessing = 0;
		};
/* End PBXSourcesBuildPhase section */

/* Begin PBXTargetDependency section */
		6360C22E248A989600ABAAF8 /* PBXTargetDependency */ = {
			isa = PBXTargetDependency;
			target = 6360C210248A989300ABAAF8 /* XcodeflowTest */;
			targetProxy = 6360C22D248A989600ABAAF8 /* PBXContainerItemProxy */;
		};
		6360C239248A989600ABAAF8 /* PBXTargetDependency */ = {
			isa = PBXTargetDependency;
			target = 6360C210248A989300ABAAF8 /* XcodeflowTest */;
			targetProxy = 6360C238248A989600ABAAF8 /* PBXContainerItemProxy */;
		};
/* End PBXTargetDependency section */

/* Begin PBXVariantGroup section */
		6360C21D248A989300ABAAF8 /* Main.storyboard */ = {
			isa = PBXVariantGroup;
			children = (
				6360C21E248A989300ABAAF8 /* Base */,
			);
			name = Main.storyboard;
			sourceTree = "<group>";
		};
		6360C222248A989600ABAAF8 /* LaunchScreen.storyboard */ = {
			isa = PBXVariantGroup;
			children = (
				6360C223248A989600ABAAF8 /* Base */,
			);
			name = LaunchScreen.storyboard;
			sourceTree = "<group>";
		};
/* End PBXVariantGroup section */

/* Begin XCBuildConfiguration section */
		6360C23E248A989600ABAAF8 /* Debug */ = {
			isa = XCBuildConfiguration;
			buildSettings = {
				ALWAYS_SEARCH_USER_PATHS = NO;
				CLANG_ANALYZER_NONNULL = YES;
				CLANG_ANALYZER_NUMBER_OBJECT_CONVERSION = YES_AGGRESSIVE;
				CLANG_CXX_LANGUAGE_STANDARD = "gnu++14";
				CLANG_CXX_LIBRARY = "libc++";
				CLANG_ENABLE_MODULES = YES;
				CLANG_ENABLE_OBJC_ARC = YES;
				CLANG_ENABLE_OBJC_WEAK = YES;
				CLANG_WARN_BLOCK_CAPTURE_AUTORELEASING = YES;
				CLANG_WARN_BOOL_CONVERSION = YES;
				CLANG_WARN_COMMA = YES;
				CLANG_WARN_CONSTANT_CONVERSION = YES;
				CLANG_WARN_DEPRECATED_OBJC_IMPLEMENTATIONS = YES;
				CLANG_WARN_DIRECT_OBJC_ISA_USAGE = YES_ERROR;
				CLANG_WARN_DOCUMENTATION_COMMENTS = YES;
				CLANG_WARN_EMPTY_BODY = YES;
				CLANG_WARN_ENUM_CONVERSION = YES;
				CLANG_WARN_INFINITE_RECURSION = YES;
				CLANG_WARN_INT_CONVERSION = YES;
				CLANG_WARN_NON_LITERAL_NULL_CONVERSION = YES;
				CLANG_WARN_OBJC_IMPLICIT_RETAIN_SELF = YES;
				CLANG_WARN_OBJC_LITERAL_CONVERSION = YES;
				CLANG_WARN_OBJC_ROOT_CLASS = YES_ERROR;
				CLANG_WARN_RANGE_LOOP_ANALYSIS = YES;
				CLANG_WARN_STRICT_PROTOTYPES = YES;
				CLANG_WARN_SUSPICIOUS_MOVE = YES;
				CLANG_WARN_UNGUARDED_AVAILABILITY = YES_AGGRESSIVE;
				CLANG_WARN_UNREACHABLE_CODE = YES;
				CLANG_WARN__DUPLICATE_METHOD_MATCH = YES;
				COPY_PHASE_STRIP = NO;
				DEBUG_INFORMATION_FORMAT = dwarf;
				ENABLE_STRICT_OBJC_MSGSEND = YES;
				ENABLE_TESTABILITY = YES;
				GCC_C_LANGUAGE_STANDARD = gnu11;
				GCC_DYNAMIC_NO_PIC = NO;
				GCC_NO_COMMON_BLOCKS = YES;
				GCC_OPTIMIZATION_LEVEL = 0;
				GCC_PREPROCESSOR_DEFINITIONS = (
					"DEBUG=1",
					"$(inherited)",
				);
				GCC_WARN_64_TO_32_BIT_CONVERSION = YES;
				GCC_WARN_ABOUT_RETURN_TYPE = YES_ERROR;
				GCC_WARN_UNDECLARED_SELECTOR = YES;
				GCC_WARN_UNINITIALIZED_AUTOS = YES_AGGRESSIVE;
				GCC_WARN_UNUSED_FUNCTION = YES;
				GCC_WARN_UNUSED_VARIABLE = YES;
				IPHONEOS_DEPLOYMENT_TARGET = 13.5;
				MTL_ENABLE_DEBUG_INFO = INCLUDE_SOURCE;
				MTL_FAST_MATH = YES;
				ONLY_ACTIVE_ARCH = YES;
				SDKROOT = iphoneos;
			};
			name = Debug;
		};
		6360C23F248A989600ABAAF8 /* Release */ = {
			isa = XCBuildConfiguration;
			buildSettings = {
				ALWAYS_SEARCH_USER_PATHS = NO;
				CLANG_ANALYZER_NONNULL = YES;
				CLANG_ANALYZER_NUMBER_OBJECT_CONVERSION = YES_AGGRESSIVE;
				CLANG_CXX_LANGUAGE_STANDARD = "gnu++14";
				CLANG_CXX_LIBRARY = "libc++";
				CLANG_ENABLE_MODULES = YES;
				CLANG_ENABLE_OBJC_ARC = YES;
				CLANG_ENABLE_OBJC_WEAK = YES;
				CLANG_WARN_BLOCK_CAPTURE_AUTORELEASING = YES;
				CLANG_WARN_BOOL_CONVERSION = YES;
				CLANG_WARN_COMMA = YES;
				CLANG_WARN_CONSTANT_CONVERSION = YES;
				CLANG_WARN_DEPRECATED_OBJC_IMPLEMENTATIONS = YES;
				CLANG_WARN_DIRECT_OBJC_ISA_USAGE = YES_ERROR;
				CLANG_WARN_DOCUMENTATION_COMMENTS = YES;
				CLANG_WARN_EMPTY_BODY = YES;
				CLANG_WARN_ENUM_CONVERSION = YES;
				CLANG_WARN_INFINITE_RECURSION = YES;
				CLANG_WARN_INT_CONVERSION = YES;
				CLANG_WARN_NON_LITERAL_NULL_CONVERSION = YES;
				CLANG_WARN_OBJC_IMPLICIT_RETAIN_SELF = YES;
				CLANG_WARN_OBJC_LITERAL_CONVERSION = YES;
				CLANG_WARN_OBJC_ROOT_CLASS = YES_ERROR;
				CLANG_WARN_RANGE_LOOP_ANALYSIS = YES;
				CLANG_WARN_STRICT_PROTOTYPES = YES;
				CLANG_WARN_SUSPICIOUS_MOVE = YES;
				CLANG_WARN_UNGUARDED_AVAILABILITY = YES_AGGRESSIVE;
				CLANG_WARN_UNREACHABLE_CODE = YES;
				CLANG_WARN__DUPLICATE_METHOD_MATCH = YES;
				COPY_PHASE_STRIP = NO;
				DEBUG_INFORMATION_FORMAT = "dwarf-with-dsym";
				ENABLE_NS_ASSERTIONS = NO;
				ENABLE_STRICT_OBJC_MSGSEND = YES;
				GCC_C_LANGUAGE_STANDARD = gnu11;
				GCC_NO_COMMON_BLOCKS = YES;
				GCC_WARN_64_TO_32_BIT_CONVERSION = YES;
				GCC_WARN_ABOUT_RETURN_TYPE = YES_ERROR;
				GCC_WARN_UNDECLARED_SELECTOR = YES;
				GCC_WARN_UNINITIALIZED_AUTOS = YES_AGGRESSIVE;
				GCC_WARN_UNUSED_FUNCTION = YES;
				GCC_WARN_UNUSED_VARIABLE = YES;
				IPHONEOS_DEPLOYMENT_TARGET = 13.5;
				MTL_ENABLE_DEBUG_INFO = NO;
				MTL_FAST_MATH = YES;
				SDKROOT = iphoneos;
				VALIDATE_PRODUCT = YES;
			};
			name = Release;
		};
		6360C241248A989600ABAAF8 /* Debug */ = {
			isa = XCBuildConfiguration;
			buildSettings = {
				ASSETCATALOG_COMPILER_APPICON_NAME = AppIcon;
				CODE_SIGN_IDENTITY = "iPhone Developer";
				CODE_SIGN_STYLE = Automatic;
				DEVELOPMENT_TEAM = 3VR2JM3236;
				INFOPLIST_FILE = XcodeflowTest/Info.plist;
				IPHONEOS_DEPLOYMENT_TARGET = 13.0;
				LD_RUNPATH_SEARCH_PATHS = (
					"$(inherited)",
					"@executable_path/Frameworks",
				);
				PRODUCT_BUNDLE_IDENTIFIER = me.klaudz.XcodeflowTest;
				PRODUCT_NAME = "$(TARGET_NAME)";
				PROVISIONING_PROFILE_SPECIFIER = "";
				TARGETED_DEVICE_FAMILY = "1,2";
			};
			name = Debug;
		};
		6360C242248A989600ABAAF8 /* Release */ = {
			isa = XCBuildConfiguration;
			buildSettings = {
				ASSETCATALOG_COMPILER_APPICON_NAME = AppIcon;
				CODE_SIGN_IDENTITY = "iPhone Distribution";
				CODE_SIGN_STYLE = Automatic;
				DEVELOPMENT_TEAM = 3VR2JM3236;
				INFOPLIST_FILE = XcodeflowTest/Info.plist;
				IPHONEOS_DEPLOYMENT_TARGET = 13.0;
				LD_RUNPATH_SEARCH_PATHS = (
					"$(inherited)",
					"@executable_path/Frameworks",
				);
				PRODUCT_BUNDLE_IDENTIFIER = me.klaudz.XcodeflowTest;
				PRODUCT_NAME = "$(TARGET_NAME)";
				PROVISIONING_PROFILE_SPECIFIER = "";
				TARGETED_DEVICE_FAMILY = "1,2";
			};
			name = Release;
		};
		6360C244248A989600ABAAF8 /* Debug */ = {
			isa = XCBuildConfiguration;
			buildSettings = {
				BUNDLE_LOADER = "$(TEST_HOST)";
				CODE_SIGN_STYLE = Automatic;
				DEVELOPMENT_TEAM = 3VR2JM3236;
				INFOPLIST_FILE = XcodeflowTestTests/Info.plist;
				IPHONEOS_DEPLOYMENT_TARGET = 13.5;
				LD_RUNPATH_SEARCH_PATHS = (
					"$(inherited)",
					"@executable_path/Frameworks",
					"@loader_path/Frameworks",
				);
				PRODUCT_BUNDLE_IDENTIFIER = me.klaudz.XcodeflowTestTests;
				PRODUCT_NAME = "$(TARGET_NAME)";
				TARGETED_DEVICE_FAMILY = "1,2";
				TEST_HOST = "$(BUILT_PRODUCTS_DIR)/XcodeflowTest.app/XcodeflowTest";
			};
			name = Debug;
		};
		6360C245248A989600ABAAF8 /* Release */ = {
			isa = XCBuildConfiguration;
			buildSettings = {
				BUNDLE_LOADER = "$(TEST_HOST)";
				CODE_SIGN_STYLE = Automatic;
				DEVELOPMENT_TEAM = 3VR2JM3236;
				INFOPLIST_FILE = XcodeflowTestTests/Info.plist;
				IPHONEOS_DEPLOYMENT_TARGET = 13.5;
				LD_RUNPATH_SEARCH_PATHS = (
					"$(inherited)",
					"@executable_path/Frameworks",
					"@loader_path/Frameworks",
				);
				PRODUCT_BUNDLE_IDENTIFIER = me.klaudz.XcodeflowTestTests;
				PRODUCT_NAME = "$(TARGET_NAME)";
				TARGETED_DEVICE_FAMILY = "1,2";
				TEST_HOST = "$(BUILT_PRODUCTS_DIR)/XcodeflowTest.app/XcodeflowTest";
			};
			name = Release;
		};
		6360C247248A989600ABAAF8 /* Debug */ = {
			isa = XCBuildConfiguration;
			buildSettings = {
				CODE_SIGN_STYLE = Automatic;
				DEVELOPMENT_TEAM = 3VR2JM3236;
				INFOPLIST_FILE = XcodeflowTestUITests/Info.plist;
				LD_RUNPATH_SEARCH_PATHS = (
					"$(inherited)",
					"@executable_path/Frameworks",
					"@loader_path/Frameworks",
				);
				PRODUCT_BUNDLE_IDENTIFIER = me.klaudz.XcodeflowTestUITests;
				PRODUCT_NAME = "$(TARGET_NAME)";
				TARGETED_DEVICE_FAMILY = "1,2";
				TEST_TARGET_NAME = XcodeflowTest;
			};
			name = Debug;
		};
		6360C248248A989600ABAAF8 /* Release */ = {
			isa = XCBuildConfiguration;
			buildSettings = {
				CODE_SIGN_STYLE = Automatic;
				DEVELOPMENT_TEAM = 3VR2JM3236;
				INFOPLIST_FILE = XcodeflowTestUITests/Info.plist;
				LD_RUNPATH_SEARCH_PATHS = (
					"$(inherited)",
					"@executable_path/Frameworks",
					"@loader_path/Frameworks",
				);
				PRODUCT_BUNDLE_IDENTIFIER = me.klaudz.XcodeflowTestUITests;
				PRODUCT_NAME = "$(TARGET_NAME)";
				TARGETED_DEVICE_FAMILY = "1,2";
				TEST_TARGET_NAME = XcodeflowTest;
			};
			name = Release;
		};
/* End XCBuildConfiguration section */

/* Begin XCConfigurationList section */
		6360C20C248A989300ABAAF8 /* Build configuration list for PBXProject "XcodeflowTest" */ = {
			isa = XCConfigurationList;
			buildConfigurations = (
				6360C23E248A989600ABAAF8 /* Debug */,
				6360C23F248A989600ABAAF8 /* Release */,
			);
			defaultConfigurationIsVisible = 0;
			defaultConfigurationName = Release;
		};
		6360C240248A989600ABAAF8 /* Build configuration list for PBXNativeTarget "XcodeflowTest" */ = {
			isa = XCConfigurationList;
			buildConfigurations = (
				6360C241248A989600ABAAF8 /* Debug */,
				6360C242248A989600ABAAF8 /* Release */,
			);
			defaultConfigurationIsVisible = 0;
			defaultConfigurationName = Release;
		};
		6360C243248A989600ABAAF8 /* Build configuration list for PBXNativeTarget "XcodeflowTestTests" */ = {
			isa = XCConfigurationList;
			buildConfigurations = (
				6360C244248A989600ABAAF8 /* Debug */,
				6360C245248A989600ABAAF8 /* Release */,
			);
			defaultConfigurationIsVisible = 0;
			defaultConfigurationName = Release;
		};
		6360C246248A989600ABAAF8 /* Build configuration list for PBXNativeTarget "XcodeflowTestUITests" */ = {
			isa = XCConfigurationList;
			buildConfigurations = (
				6360C247248A989600ABAAF8 /* Debug */,
				6360C248248A989600ABAAF8 /* Release */,
			);
			defaultConfigurationIsVisible = 0;
			defaultConfigurationName = Release;
		};
/* End XCConfigurationList section */
	};
	rootObject = 6360C209248A989300ABAAF8 /* Project object */;
}
